
Microsoft Visual Studio Solution File, Format Version 12.00
# Visual Studio Version 17
VisualStudioVersion = 17.3.32901.215
MinimumVisualStudioVersion = 10.0.40219.1
Project("{FAE04EC0-301F-11D3-BF4B-00C04F79EFBC}") = "Bookify.web", "Bookify.web\Bookify.web.csproj", "{6E8779A4-3798-44F1-8CC0-FCC0C1D44AE8}"
EndProject
Global
	GlobalSection(SolutionConfigurationPlatforms) = preSolution
		Debug|Any CPU = Debug|Any CPU
		Release|Any CPU = Release|Any CPU
	EndGlobalSection
	GlobalSection(ProjectConfigurationPlatforms) = postSolution
		{6E8779A4-3798-44F1-8CC0-FCC0C1D44AE8}.Debug|Any CPU.ActiveCfg = Debug|Any CPU
		{6E8779A4-3798-44F1-8CC0-FCC0C1D44AE8}.Debug|Any CPU.Build.0 = Debug|Any CPU
		{6E8779A4-3798-44F1-8CC0-FCC0C1D44AE8}.Release|Any CPU.ActiveCfg = Release|Any CPU
		{6E8779A4-3798-44F1-8CC0-FCC0C1D44AE8}.Release|Any CPU.Build.0 = Release|Any CPU
	EndGlobalSection
	GlobalSection(SolutionProperties) = preSolution
		HideSolutionNode = FALSE
	EndGlobalSection
	GlobalSection(ExtensibilityGlobals) = postSolution
		SolutionGuid = {2F5212D0-24F4-4074-8C7C-6A1BBC045011}
	EndGlobalSection
EndGlobal
